{
  "originHash" : "17fcae08f9fd7e0482027ee357becb0c54490a5fd516e34358c4fb3371e6bf5b",
  "pins" : [
    {
      "identity" : "mpvkit",
      "kind" : "remoteSourceControl",
      "location" : "https://github.com/mpvkit/MPVKit.git",
      "state" : {
        "revision" : "613c0ccc3acf70e136aaff880a9b5fe8fdfaf5b8",
        "version" : "0.41.0"
      }
    },
    {
      "identity" : "sdwebimage",
      "kind" : "remoteSourceControl",
      "location" : "https://github.com/SDWebImage/SDWebImage.git",
      "state" : {
        "revision" : "36e79ba485e9bb4d3cd4e3318908866dac5e7b51",
        "version" : "5.21.5"
      }
    },
    {
      "identity" : "sdwebimageswiftui?",
      "kind" : "remoteSourceControl",
      "location" : "https://github.com/SDWebImage/SDWebImageSwiftUI?",
      "state" : {
        "revision" : "0e331457ca9af2f0b08bcaa138a91ffb907b004f",
        "version" : "3.1.4"
      }
    },
    {
      "identity" : "xmlcoder",
      "kind" : "remoteSourceControl",
      "location" : "https://github.com/CoreOffice/XMLCoder.git",
      "state" : {
        "revision" : "5e1ada828d2618ecb79c974e03f79c8f4df90b71",
        "version" : "0.18.0"
      }
    }
  ],
  "version" : 3
}
